
Microsoft Visual Studio Solution File, Format Version 12.00
# Visual Studio Version 16
VisualStudioVersion = 16.0.30309.148
MinimumVisualStudioVersion = 10.0.40219.1
Project("{FAE04EC0-301F-11D3-BF4B-00C04F79EFBC}") = "RestApiCRUD", "RestApiCRUD.csproj", "{FE2B54E1-C367-42AC-8506-191F1C226FEE}"
EndProject
Global
	GlobalSection(SolutionConfigurationPlatforms) = preSolution
		Debug|Any CPU = Debug|Any CPU
		Release|Any CPU = Release|Any CPU
	EndGlobalSection
	GlobalSection(ProjectConfigurationPlatforms) = postSolution
		{FE2B54E1-C367-42AC-8506-191F1C226FEE}.Debug|Any CPU.ActiveCfg = Debug|Any CPU
		{FE2B54E1-C367-42AC-8506-191F1C226FEE}.Debug|Any CPU.Build.0 = Debug|Any CPU
		{FE2B54E1-C367-42AC-8506-191F1C226FEE}.Release|Any CPU.ActiveCfg = Release|Any CPU
		{FE2B54E1-C367-42AC-8506-191F1C226FEE}.Release|Any CPU.Build.0 = Release|Any CPU
	EndGlobalSection
	GlobalSection(SolutionProperties) = preSolution
		HideSolutionNode = FALSE
	EndGlobalSection
	GlobalSection(ExtensibilityGlobals) = postSolution
		SolutionGuid = {6083034B-CE5C-43E2-8BA5-D98CD1EA06D9}
	EndGlobalSection
EndGlobal
